
Microsoft Visual Studio Solution File, Format Version 12.00
# Visual Studio Version 16
VisualStudioVersion = 16.0.30320.27
MinimumVisualStudioVersion = 10.0.40219.1
Project("{FAE04EC0-301F-11D3-BF4B-00C04F79EFBC}") = "WebApplication2", "WebApplication2\WebApplication2.csproj", "{35763FE0-1ACA-4FF4-B0F8-21C457C451D7}"
EndProject
Global
	GlobalSection(SolutionConfigurationPlatforms) = preSolution
		Debug|Any CPU = Debug|Any CPU
		Release|Any CPU = Release|Any CPU
	EndGlobalSection
	GlobalSection(ProjectConfigurationPlatforms) = postSolution
		{35763FE0-1ACA-4FF4-B0F8-21C457C451D7}.Debug|Any CPU.ActiveCfg = Debug|Any CPU
		{35763FE0-1ACA-4FF4-B0F8-21C457C451D7}.Debug|Any CPU.Build.0 = Debug|Any CPU
		{35763FE0-1ACA-4FF4-B0F8-21C457C451D7}.Release|Any CPU.ActiveCfg = Release|Any CPU
		{35763FE0-1ACA-4FF4-B0F8-21C457C451D7}.Release|Any CPU.Build.0 = Release|Any CPU
	EndGlobalSection
	GlobalSection(SolutionProperties) = preSolution
		HideSolutionNode = FALSE
	EndGlobalSection
	GlobalSection(ExtensibilityGlobals) = postSolution
		SolutionGuid = {51242FBF-78D8-4EF5-9589-A59B6BB78E10}
	EndGlobalSection
EndGlobal
